lockfileVersion: '9.0'

settings:
  autoInstallPeers: true
  excludeLinksFromLockfile: false

importers:

  .:
    devDependencies:
      '@codemirror/autocomplete':
        specifier: ^6.20.0
        version: 6.20.3
      '@codemirror/commands':
        specifier: ^6.10.0
        version: 6.11.0
      '@codemirror/lang-markdown':
        specifier: ^6.5.0
        version: 6.5.2
      '@codemirror/lang-python':
        specifier: ^6.2.1
        version: 6.2.1
      '@codemirror/lang-sql':
        specifier: ^6.10.0
        version: 6.10.0
      '@codemirror/language':
        specifier: ^6.12.0
        version: 6.12.4
      '@codemirror/lint':
        specifier: ^6.9.2
        version: 6.9.7
      '@codemirror/state':
        specifier: ^6.5.2
        version: 6.7.2
      '@codemirror/theme-one-dark':
        specifier: ^6.1.2
        version: 6.1.3
      '@codemirror/view':
        specifier: ^6.39.9
        version: 6.43.11
      esbuild:
        specifier: ^0.27.0
        version: 0.27.7
      plotly.js-dist-min:
        specifier: ^4.0.0
        version: 4.0.0
      vega:
        specifier: ^6.4.0
        version: 6.4.0
      vega-embed:
        specifier: ^7.2.0
        version: 7.2.0(vega-lite@6.4.3(vega@6.4.0))(vega@6.4.0)
      vega-lite:
        specifier: ^6.4.3
        version: 6.4.3(vega@6.4.0)

packages:

  '@codemirror/autocomplete@6.20.3':
    resolution: {integrity: sha512-tlosUqb+3BbxCxZdu4tKeRghPFC+QM7q4X5YhKV2eCmPG+1r2F3f4AaSz5sCrFqUtX4Jh20VFTKecl16MgiV9g==}

  '@codemirror/commands@6.11.0':
    resolution: {integrity: sha512-/K4Rl5BN0OtTiPWmJCdqODu38XnDMsDxKY5rgrPnCkutPTJf2wVbkoixLfealF5Kwse/s8P8M5jAiURiwSwnFA==}

  '@codemirror/lang-css@6.3.1':
    resolution: {integrity: sha512-kr5fwBGiGtmz6l0LSJIbno9QrifNMUusivHbnA1H6Dmqy4HZFte3UAICix1VuKo0lMPKQr2rqB+0BkKi/S3Ejg==}

  '@codemirror/lang-html@6.4.12':
    resolution: {integrity: sha512-pw2ReWKUqSkbvh76RAT4NYxiogRu+PWkR2ukAwO9uOgrm8uipkzjtKKtNpyeAQwHOqxEeSvAXZ6vr3AfyB9y/w==}

  '@codemirror/lang-javascript@6.2.5':
    resolution: {integrity: sha512-zD4e5mS+50htS7F+TYjBPsiIFGanfVqg4HyUz6WNFikgOPf2BgKlx+TQedI1w6n/IqRBVBbBWmGFdLB/7uxO4A==}

  '@codemirror/lang-markdown@6.5.2':
    resolution: {integrity: sha512-AwBOdkWYuA//WcM0xO5PfHPUcmz/O2i5o0Nsg1U69SII/loCJlFI1Romd9xp2HYb1kYJRGZotyqRghuHH5n8Kw==}

  '@codemirror/lang-python@6.2.1':
    resolution: {integrity: sha512-IRjC8RUBhn9mGR9ywecNhB51yePWCGgvHfY1lWN/Mrp3cKuHr0isDKia+9HnvhiWNnMpbGhWrkhuWOc09exRyw==}

  '@codemirror/lang-sql@6.10.0':
    resolution: {integrity: sha512-6ayPkEd/yRw0XKBx5uAiToSgGECo/GY2NoJIHXIIQh1EVwLuKoU8BP/qK0qH5NLXAbtJRLuT73hx7P9X34iO4w==}

  '@codemirror/language@6.12.4':
    resolution: {integrity: sha512-1q4PaT+o6PbgpkJt4Q8Fv5XJxTy4FUZ4MWETtyiDw3J0Pyr9E2vqcKL+k9wcvjNTIsauxvE7OfmWj3FRPHQ76A==}

  '@codemirror/lint@6.9.7':
    resolution: {integrity: sha512-28/+iWLYxKxsvGYhSYL7zaCZqLz5+FFFDq9tVsvGv9kv8RY4fFAchJ5WX9M3YrrRlTIsECjsXPqeNgnSmNP2dg==}

  '@codemirror/state@6.7.2':
    resolution: {integrity: sha512-U3RiPX62Wl/Gx4ftQ7UxLlloSfsFTQqKa+7vFBYteZGCzkp6oBqcsD7iSwniWRGobCAmDcwZSY+Six3+3ztdfg==}

  '@codemirror/theme-one-dark@6.1.3':
    resolution: {integrity: sha512-NzBdIvEJmx6fjeremiGp3t/okrLPYT0d9orIc7AFun8oZcRk58aejkqhv6spnz4MLAevrKNPMQYXEWMg4s+sKA==}

  '@codemirror/view@6.43.11':
    resolution: {integrity: sha512-2+esucbQX6wB2JYi1eDvdCPFTA31BN8oSy6xCmk3G6CloV11yOvEjYk+gH7kLrP0MuHG94E8WDhjs5oMiu3+Wg==}

  '@esbuild/aix-ppc64@0.27.7':
    resolution: {integrity: sha512-EKX3Qwmhz1eMdEJokhALr0YiD0lhQNwDqkPYyPhiSwKrh7/4KRjQc04sZ8db+5DVVnZ1LmbNDI1uAMPEUBnQPg==}
    engines: {node: '>=18'}
    cpu: [ppc64]
    os: [aix]

  '@esbuild/android-arm64@0.27.7':
    resolution: {integrity: sha512-62dPZHpIXzvChfvfLJow3q5dDtiNMkwiRzPylSCfriLvZeq0a1bWChrGx/BbUbPwOrsWKMn8idSllklzBy+dgQ==}
    engines: {node: '>=18'}
    cpu: [arm64]
    os: [android]

  '@esbuild/android-arm@0.27.7':
    resolution: {integrity: sha512-jbPXvB4Yj2yBV7HUfE2KHe4GJX51QplCN1pGbYjvsyCZbQmies29EoJbkEc+vYuU5o45AfQn37vZlyXy4YJ8RQ==}
    engines: {node: '>=18'}
    cpu: [arm]
    os: [android]

  '@esbuild/android-x64@0.27.7':
    resolution: {integrity: sha512-x5VpMODneVDb70PYV2VQOmIUUiBtY3D3mPBG8NxVk5CogneYhkR7MmM3yR/uMdITLrC1ml/NV1rj4bMJuy9MCg==}
    engines: {node: '>=18'}
    cpu: [x64]
    os: [android]

  '@esbuild/darwin-arm64@0.27.7':
    resolution: {integrity: sha512-5lckdqeuBPlKUwvoCXIgI2D9/ABmPq3Rdp7IfL70393YgaASt7tbju3Ac+ePVi3KDH6N2RqePfHnXkaDtY9fkw==}
    engines: {node: '>=18'}
    cpu: [arm64]
    os: [darwin]

  '@esbuild/darwin-x64@0.27.7':
    resolution: {integrity: sha512-rYnXrKcXuT7Z+WL5K980jVFdvVKhCHhUwid+dDYQpH+qu+TefcomiMAJpIiC2EM3Rjtq0sO3StMV/+3w3MyyqQ==}
    engines: {node: '>=18'}
    cpu: [x64]
    os: [darwin]

  '@esbuild/freebsd-arm64@0.27.7':
    resolution: {integrity: sha512-B48PqeCsEgOtzME2GbNM2roU29AMTuOIN91dsMO30t+Ydis3z/3Ngoj5hhnsOSSwNzS+6JppqWsuhTp6E82l2w==}
    engines: {node: '>=18'}
    cpu: [arm64]
    os: [freebsd]

  '@esbuild/freebsd-x64@0.27.7':
    resolution: {integrity: sha512-jOBDK5XEjA4m5IJK3bpAQF9/Lelu/Z9ZcdhTRLf4cajlB+8VEhFFRjWgfy3M1O4rO2GQ/b2dLwCUGpiF/eATNQ==}
    engines: {node: '>=18'}
    cpu: [x64]
    os: [freebsd]

  '@esbuild/linux-arm64@0.27.7':
    resolution: {integrity: sha512-RZPHBoxXuNnPQO9rvjh5jdkRmVizktkT7TCDkDmQ0W2SwHInKCAV95GRuvdSvA7w4VMwfCjUiPwDi0ZO6Nfe9A==}
    engines: {node: '>=18'}
    cpu: [arm64]
    os: [linux]

  '@esbuild/linux-arm@0.27.7':
    resolution: {integrity: sha512-RkT/YXYBTSULo3+af8Ib0ykH8u2MBh57o7q/DAs3lTJlyVQkgQvlrPTnjIzzRPQyavxtPtfg0EopvDyIt0j1rA==}
    engines: {node: '>=18'}
    cpu: [arm]
    os: [linux]

  '@esbuild/linux-ia32@0.27.7':
    resolution: {integrity: sha512-GA48aKNkyQDbd3KtkplYWT102C5sn/EZTY4XROkxONgruHPU72l+gW+FfF8tf2cFjeHaRbWpOYa/uRBz/Xq1Pg==}
    engines: {node: '>=18'}
    cpu: [ia32]
    os: [linux]

  '@esbuild/linux-loong64@0.27.7':
    resolution: {integrity: sha512-a4POruNM2oWsD4WKvBSEKGIiWQF8fZOAsycHOt6JBpZ+JN2n2JH9WAv56SOyu9X5IqAjqSIPTaJkqN8F7XOQ5Q==}
    engines: {node: '>=18'}
    cpu: [loong64]
    os: [linux]

  '@esbuild/linux-mips64el@0.27.7':
    resolution: {integrity: sha512-KabT5I6StirGfIz0FMgl1I+R1H73Gp0ofL9A3nG3i/cYFJzKHhouBV5VWK1CSgKvVaG4q1RNpCTR2LuTVB3fIw==}
    engines: {node: '>=18'}
    cpu: [mips64el]
    os: [linux]

  '@esbuild/linux-ppc64@0.27.7':
    resolution: {integrity: sha512-gRsL4x6wsGHGRqhtI+ifpN/vpOFTQtnbsupUF5R5YTAg+y/lKelYR1hXbnBdzDjGbMYjVJLJTd2OFmMewAgwlQ==}
    engines: {node: '>=18'}
    cpu: [ppc64]
    os: [linux]

  '@esbuild/linux-riscv64@0.27.7':
    resolution: {integrity: sha512-hL25LbxO1QOngGzu2U5xeXtxXcW+/GvMN3ejANqXkxZ/opySAZMrc+9LY/WyjAan41unrR3YrmtTsUpwT66InQ==}
    engines: {node: '>=18'}
    cpu: [riscv64]
    os: [linux]

  '@esbuild/linux-s390x@0.27.7':
    resolution: {integrity: sha512-2k8go8Ycu1Kb46vEelhu1vqEP+UeRVj2zY1pSuPdgvbd5ykAw82Lrro28vXUrRmzEsUV0NzCf54yARIK8r0fdw==}
    engines: {node: '>=18'}
    cpu: [s390x]
    os: [linux]

  '@esbuild/linux-x64@0.27.7':
    resolution: {integrity: sha512-hzznmADPt+OmsYzw1EE33ccA+HPdIqiCRq7cQeL1Jlq2gb1+OyWBkMCrYGBJ+sxVzve2ZJEVeePbLM2iEIZSxA==}
    engines: {node: '>=18'}
    cpu: [x64]
    os: [linux]

  '@esbuild/netbsd-arm64@0.27.7':
    resolution: {integrity: sha512-b6pqtrQdigZBwZxAn1UpazEisvwaIDvdbMbmrly7cDTMFnw/+3lVxxCTGOrkPVnsYIosJJXAsILG9XcQS+Yu6w==}
    engines: {node: '>=18'}
    cpu: [arm64]
    os: [netbsd]

  '@esbuild/netbsd-x64@0.27.7':
    resolution: {integrity: sha512-OfatkLojr6U+WN5EDYuoQhtM+1xco+/6FSzJJnuWiUw5eVcicbyK3dq5EeV/QHT1uy6GoDhGbFpprUiHUYggrw==}
    engines: {node: '>=18'}
    cpu: [x64]
    os: [netbsd]

  '@esbuild/openbsd-arm64@0.27.7':
    resolution: {integrity: sha512-AFuojMQTxAz75Fo8idVcqoQWEHIXFRbOc1TrVcFSgCZtQfSdc1RXgB3tjOn/krRHENUB4j00bfGjyl2mJrU37A==}
    engines: {node: '>=18'}
    cpu: [arm64]
    os: [openbsd]

  '@esbuild/openbsd-x64@0.27.7':
    resolution: {integrity: sha512-+A1NJmfM8WNDv5CLVQYJ5PshuRm/4cI6WMZRg1by1GwPIQPCTs1GLEUHwiiQGT5zDdyLiRM/l1G0Pv54gvtKIg==}
    engines: {node: '>=18'}
    cpu: [x64]
    os: [openbsd]

  '@esbuild/openharmony-arm64@0.27.7':
    resolution: {integrity: sha512-+KrvYb/C8zA9CU/g0sR6w2RBw7IGc5J2BPnc3dYc5VJxHCSF1yNMxTV5LQ7GuKteQXZtspjFbiuW5/dOj7H4Yw==}
    engines: {node: '>=18'}
    cpu: [arm64]
    os: [openharmony]

  '@esbuild/sunos-x64@0.27.7':
    resolution: {integrity: sha512-ikktIhFBzQNt/QDyOL580ti9+5mL/YZeUPKU2ivGtGjdTYoqz6jObj6nOMfhASpS4GU4Q/Clh1QtxWAvcYKamA==}
    engines: {node: '>=18'}
    cpu: [x64]
    os: [sunos]

  '@esbuild/win32-arm64@0.27.7':
    resolution: {integrity: sha512-7yRhbHvPqSpRUV7Q20VuDwbjW5kIMwTHpptuUzV+AA46kiPze5Z7qgt6CLCK3pWFrHeNfDd1VKgyP4O+ng17CA==}
    engines: {node: '>=18'}
    cpu: [arm64]
    os: [win32]

  '@esbuild/win32-ia32@0.27.7':
    resolution: {integrity: sha512-SmwKXe6VHIyZYbBLJrhOoCJRB/Z1tckzmgTLfFYOfpMAx63BJEaL9ExI8x7v0oAO3Zh6D/Oi1gVxEYr5oUCFhw==}
    engines: {node: '>=18'}
    cpu: [ia32]
    os: [win32]

  '@esbuild/win32-x64@0.27.7':
    resolution: {integrity: sha512-56hiAJPhwQ1R4i+21FVF7V8kSD5zZTdHcVuRFMW0hn753vVfQN8xlx4uOPT4xoGH0Z/oVATuR82AiqSTDIpaHg==}
    engines: {node: '>=18'}
    cpu: [x64]
    os: [win32]

  '@lezer/common@1.5.2':
    resolution: {integrity: sha512-sxQE460fPZyU3sdc8lafxiPwJHBzZRy/udNFynGQky1SePYBdhkBl1kOagA9uT3pxR8K09bOrmTUqA9wb/PjSQ==}

  '@lezer/css@1.3.6':
    resolution: {integrity: sha512-YJE78Wcg+zX8f10hiHWQ4Az48Qr/c13eId0VtRQYLBpxHDmDeSrXIlkbl+fJGW42rWC/uoUco9mhBZeVWP/A1g==}

  '@lezer/highlight@1.2.3':
    resolution: {integrity: sha512-qXdH7UqTvGfdVBINrgKhDsVTJTxactNNxLk7+UMwZhU13lMHaOBlJe9Vqp907ya56Y3+ed2tlqzys7jDkTmW0g==}

  '@lezer/html@1.3.13':
    resolution: {integrity: sha512-oI7n6NJml729m7pjm9lvLvmXbdoMoi2f+1pwSDJkl9d68zGr7a9Btz8NdHTGQZtW2DA25ybeuv/SyDb9D5tseg==}

  '@lezer/javascript@1.5.4':
    resolution: {integrity: sha512-vvYx3MhWqeZtGPwDStM2dwgljd5smolYD2lR2UyFcHfxbBQebqx8yjmFmxtJ/E6nN6u1D9srOiVWm3Rb4tmcUA==}

  '@lezer/lr@1.4.10':
    resolution: {integrity: sha512-rnCpTIBafOx4mRp43xOxDJbFipJm/c0cia/V5TiGlhmMa+wsSdoGmUN3w5Bqrks/09Q/D4tNAmWaT8p6NRi77A==}

  '@lezer/markdown@1.7.2':
    resolution: {integrity: sha512-iTkYvoVcKt3WkeL7qUDyXHONZEwLio4wj8KTNi2dnjQEXBZKMV63BpQrPqfsM+OkvuRbiSTAcycYAsQzLhRNoQ==}

  '@lezer/python@1.1.19':
    resolution: {integrity: sha512-MhQIURHRytsNzP/YXnqpYKW6la6voAH3kyplTOOiCdjyFY6cWWGFVmYVdHIPrElqSDf4iCDktQCockB9FxuhzQ==}

  '@marijn/find-cluster-break@1.0.4':
    resolution: {integrity: sha512-Wy0V7+SGUjnF9/TkiM1hKVDPj7jKXduPNboMVtHTA8dySMURWqfg/JZ9E2Sq8JgSJmkl7k7Qe9FLeMSrSraWmQ==}

  '@types/estree@1.0.9':
    resolution: {integrity: sha512-GhdPgy1el4/ImP05X05Uw4cw2/M93BCUmnEvWZNStlCzEKME4Fkk+YpoA5OiHNQmoS7Cafb8Xa3Pya8m1Qrzeg==}

  '@types/geojson@7946.0.16':
    resolution: {integrity: sha512-6C8nqWur3j98U6+lXDfTUWIfgvZU+EumvpHKcYjujKH7woYyLj2sUmff0tRhrqM7BohUw7Pz3ZB1jj2gW9Fvmg==}

  ansi-regex@6.3.0:
    resolution: {integrity: sha512-WpDfL7NO6j7tH88IDBNVdUJxDh9nmCteAVW9dsep846XdwF4naCBK+/tGLX3KJgcpgMRXCFlTM2hKGoK9FsdrQ==}
    engines: {node: '>=12'}

  ansi-styles@6.2.3:
    resolution: {integrity: sha512-4Dj6M28JB+oAH8kFkTLUo+a2jwOFkuqb3yucU0CANcRRUbxS0cP0nZYCGjcc3BNXwRIsUVmDGgzawme7zvJHvg==}
    engines: {node: '>=12'}

  cliui@9.0.1:
    resolution: {integrity: sha512-k7ndgKhwoQveBL+/1tqGJYNz097I7WOvwbmmU2AR5+magtbjPWQTS1C5vzGkBC8Ym8UWRzfKUzUUqFLypY4Q+w==}
    engines: {node: '>=20'}

  commander@2.20.3:
    resolution: {integrity: sha512-GpVkmM8vF2vQUkj2LvZmD35JxeJOLCwJ9cUkugyk2nuhbv3+mJvpLYYt+0+USMxE+oj+ey/lJEnhZw75x/OMcQ==}

  commander@7.2.0:
    resolution: {integrity: sha512-QrWXB+ZQSVPmIWIhtEO9H+gwHaMGYiF5ChvoJ+K9ZGHG/sVsa6yiesAD1GC/x46sET00Xlwo1u49RVVVzvcSkw==}
    engines: {node: '>= 10'}

  crelt@1.0.7:
    resolution: {integrity: sha512-aK6BbWfhf4U/wCcLHKPJl/xa6VkVstRaPywWtMKGwuOLc/wZTyQYuoxgvZnNsBvv7Kg3YTBQYYBCggcviQczuA==}

  d3-array@3.2.4:
    resolution: {integrity: sha512-tdQAmyA18i4J7wprpYq8ClcxZy3SC31QMeByyCFyRt7BVHdREQZ5lpzoe5mFEYZUWe+oq8HBvk9JjpibyEV4Jg==}
    engines: {node: '>=12'}

  d3-color@3.1.0:
    resolution: {integrity: sha512-zg/chbXyeBtMQ1LbD/WSoW2DpC3I0mpmPdW+ynRTj/x2DAWYrIY7qeZIHidozwV24m4iavr15lNwIwLxRmOxhA==}
    engines: {node: '>=12'}

  d3-delaunay@6.0.4:
    resolution: {integrity: sha512-mdjtIZ1XLAM8bm/hx3WwjfHt6Sggek7qH043O8KEjDXN40xi3vx/6pYSVTwLjEgiXQTbvaouWKynLBiUZ6SK6A==}
    engines: {node: '>=12'}

  d3-dispatch@3.0.1:
    resolution: {integrity: sha512-rzUyPU/S7rwUflMyLc1ETDeBj0NRuHKKAcvukozwhshr6g6c5d8zh4c2gQjY2bZ0dXeGLWc1PF174P2tVvKhfg==}
    engines: {node: '>=12'}

  d3-dsv@3.0.1:
    resolution: {integrity: sha512-UG6OvdI5afDIFP9w4G0mNq50dSOsXHJaRE8arAS5o9ApWnIElp8GZw1Dun8vP8OyHOZ/QJUKUJwxiiCCnUwm+Q==}
    engines: {node: '>=12'}
    hasBin: true

  d3-ease@3.0.1:
    resolution: {integrity: sha512-wR/XK3D3XcLIZwpbvQwQ5fK+8Ykds1ip7A2Txe0yxncXSdq1L9skcG7blcedkOX+ZcgxGAmLX1FrRGbADwzi0w==}
    engines: {node: '>=12'}

  d3-force@3.0.0:
    resolution: {integrity: sha512-zxV/SsA+U4yte8051P4ECydjD/S+qeYtnaIyAs9tgHCqfguma/aAQDjo85A9Z6EKhBirHRJHXIgJUlffT4wdLg==}
    engines: {node: '>=12'}

  d3-format@3.1.2:
    resolution: {integrity: sha512-AJDdYOdnyRDV5b6ArilzCPPwc1ejkHcoyFarqlPqT7zRYjhavcT3uSrqcMvsgh2CgoPbK3RCwyHaVyxYcP2Arg==}
    engines: {node: '>=12'}

  d3-geo-projection@4.0.0:
    resolution: {integrity: sha512-p0bK60CEzph1iqmnxut7d/1kyTmm3UWtPlwdkM31AU+LW+BXazd5zJdoCn7VFxNCHXRngPHRnsNn5uGjLRGndg==}
    engines: {node: '>=12'}
    hasBin: true

  d3-geo@3.1.1:
    resolution: {integrity: sha512-637ln3gXKXOwhalDzinUgY83KzNWZRKbYubaG+fGVuc/dxO64RRljtCTnf5ecMyE1RIdtqpkVcq0IbtU2S8j2Q==}
    engines: {node: '>=12'}

  d3-hierarchy@3.1.2:
    resolution: {integrity: sha512-FX/9frcub54beBdugHjDCdikxThEqjnR93Qt7PvQTOHxyiNCAlvMrHhclk3cD5VeAaq9fxmfRp+CnWw9rEMBuA==}
    engines: {node: '>=12'}

  d3-interpolate@3.0.1:
    resolution: {integrity: sha512-3bYs1rOD33uo8aqJfKP3JWPAibgw8Zm2+L9vBKEHJ2Rg+viTR7o5Mmv5mZcieN+FRYaAOWX5SJATX6k1PWz72g==}
    engines: {node: '>=12'}

  d3-path@3.1.0:
    resolution: {integrity: sha512-p3KP5HCf/bvjBSSKuXid6Zqijx7wIfNW+J/maPs+iwR35at5JCbLUT0LzF1cnjbCHWhqzQTIN2Jpe8pRebIEFQ==}
    engines: {node: '>=12'}

  d3-quadtree@3.0.1:
    resolution: {integrity: sha512-04xDrxQTDTCFwP5H6hRhsRcb9xxv2RzkcsygFzmkSIOJy3PeRJP7sNk3VRIbKXcog561P9oU0/rVH6vDROAgUw==}
    engines: {node: '>=12'}

  d3-scale-chromatic@3.1.0:
    resolution: {integrity: sha512-A3s5PWiZ9YCXFye1o246KoscMWqf8BsD9eRiJ3He7C9OBaxKhAd5TFCdEx/7VbKtxxTsu//1mMJFrEt572cEyQ==}
    engines: {node: '>=12'}

  d3-scale@4.0.2:
    resolution: {integrity: sha512-GZW464g1SH7ag3Y7hXjf8RoUuAFIqklOAq3MRl4OaWabTFJY9PN/E1YklhXLh+OQ3fM9yS2nOkCoS+WLZ6kvxQ==}
    engines: {node: '>=12'}

  d3-shape@3.2.0:
    resolution: {integrity: sha512-SaLBuwGm3MOViRq2ABk3eLoxwZELpH6zhl3FbAoJ7Vm1gofKx6El1Ib5z23NUEhF9AsGl7y+dzLe5Cw2AArGTA==}
    engines: {node: '>=12'}

  d3-time-format@4.1.0:
    resolution: {integrity: sha512-dJxPBlzC7NugB2PDLwo9Q8JiTR3M3e4/XANkreKSUxF8vvXKqm1Yfq4Q5dl8budlunRVlUUaDUgFt7eA8D6NLg==}
    engines: {node: '>=12'}

  d3-time@3.1.0:
    resolution: {integrity: sha512-VqKjzBLejbSMT4IgbmVgDjpkYrNWUYJnbCGo874u7MMKIWsILRX+OpX/gTk8MqjpT1A/c6HY2dCA77ZN0lkQ2Q==}
    engines: {node: '>=12'}

  d3-timer@3.0.1:
    resolution: {integrity: sha512-ndfJ/JxxMd3nw31uyKoY2naivF+r29V+Lc0svZxe1JvvIRmi8hUsrMvdOwgS1o6uBHmiz91geQ0ylPP0aj1VUA==}
    engines: {node: '>=12'}

  delaunator@5.1.0:
    resolution: {integrity: sha512-AGrQ4QSgssa1NGmWmLPqN5NY2KajF5MqxetNEO+o0n3ZwZZeTmt7bBnvzHWrmkZFxGgr4HdyFgelzgi06otLuQ==}

  emoji-regex@10.6.0:
    resolution: {integrity: sha512-toUI84YS5YmxW219erniWD0CIVOo46xGKColeNQRgOzDorgBi1v4D71/OFzgD9GO2UGKIv1C3Sp8DAn0+j5w7A==}

  esbuild@0.27.7:
    resolution: {integrity: sha512-IxpibTjyVnmrIQo5aqNpCgoACA/dTKLTlhMHihVHhdkxKyPO1uBBthumT0rdHmcsk9uMonIWS0m4FljWzILh3w==}
    engines: {node: '>=18'}
    hasBin: true

  escalade@3.2.0:
    resolution: {integrity: sha512-WUj2qlxaQtO4g6Pq5c29GTcWGDyd8itL8zTlipgECz3JesAiiOKotd8JU6otB3PACgG6xkJUyVhboMS+bje/jA==}
    engines: {node: '>=6'}

  fast-json-patch@3.1.1:
    resolution: {integrity: sha512-vf6IHUX2SBcA+5/+4883dsIjpBTqmfBjmYiWK1savxQmFk4JfBMLa7ynTYOs1Rolp/T1betJxHiGD3g1Mn8lUQ==}

  get-caller-file@2.0.5:
    resolution: {integrity: sha512-DyFP3BM/3YHTQOCUL/w0OZHR0lpKeGrxotcHWcqNEdnltqFwXVfhEBQ94eIo34AfQpo0rGki4cyIiftY06h2Fg==}
    engines: {node: 6.* || 8.* || >= 10.*}

  get-east-asian-width@1.6.0:
    resolution: {integrity: sha512-QRbvDIbx6YklUe6RxeTeleMR0yv3cYH6PsPZHcnVn7xv7zO1BHN8r0XETu8n6Ye3Q+ahtSarc3WgtNWmehIBfA==}
    engines: {node: '>=18'}

  iconv-lite@0.6.3:
    resolution: {integrity: sha512-4fCk79wshMdzMp2rH06qWrJE4iolqLhCUH+OiuIgU++RB0+94NlDL81atO7GX55uUKueo0txHNtvEyI6D7WdMw==}
    engines: {node: '>=0.10.0'}

  internmap@2.0.3:
    resolution: {integrity: sha512-5Hh7Y1wQbvY5ooGgPbDaL5iYLAPzMTUrjMulskHLH6wnv/A+1q5rgEaiuqEjB+oxGXIVZs1FF+R/KPN3ZSQYYg==}
    engines: {node: '>=12'}

  json-stringify-pretty-compact@4.0.0:
    resolution: {integrity: sha512-3CNZ2DnrpByG9Nqj6Xo8vqbjT4F6N+tb4Gb28ESAZjYZ5yqvmc56J+/kuIwkaAMOyblTQhUW7PxMkUb8Q36N3Q==}

  plotly.js-dist-min@4.0.0:
    resolution: {integrity: sha512-Dm6Sr5aHaxDZ7HN6eLRBotMZ9zRYEd+eoimm27B8d2XOFiNpv0oO7QIE0WFwFAfPN16JHM/6do6kDbasB+ftbQ==}

  robust-predicates@3.0.3:
    resolution: {integrity: sha512-NS3levdsRIUOmiJ8FZWCP7LG3QpJyrs/TE0Zpf1yvZu8cAJJ6QMW92H1c7kWpdIHo8RvmLxN/o2JXTKHp74lUA==}

  rw@1.3.3:
    resolution: {integrity: sha512-PdhdWy89SiZogBLaw42zdeqtRJ//zFd2PgQavcICDUgJT5oW10QCRKbJ6bg4r0/UY2M6BWd5tkxuGFRvCkgfHQ==}

  safer-buffer@2.1.2:
    resolution: {integrity: sha512-YZo3K82SD7Riyi0E1EQPojLz7kpepnSQI9IyPbHHg1XXXevb5dJI7tpyN2ADxGcQbHG7vcyRHk0cbwqcQriUtg==}

  semver@7.8.5:
    resolution: {integrity: sha512-Y7/KDsb8LjooZpwaqGyulO6DQlksgCncchHGk+sZIY4SBvUocMBEFH5Ur1fI4dV+Jvl0w6cjvucaIi40puRioA==}
    engines: {node: '>=10'}
    hasBin: true

  string-width@7.2.0:
    resolution: {integrity: sha512-tsaTIkKW9b4N+AEj+SVA+WhJzV7/zMhcSu78mLKWSk7cXMOSHsBKFWUs0fWwq8QyK3MgJBQRX6Gbi4kYbdvGkQ==}
    engines: {node: '>=18'}

  strip-ansi@7.2.0:
    resolution: {integrity: sha512-yDPMNjp4WyfYBkHnjIRLfca1i6KMyGCtsVgoKe/z1+6vukgaENdgGBZt+ZmKPc4gavvEZ5OgHfHdrazhgNyG7w==}
    engines: {node: '>=12'}

  style-mod@4.1.3:
    resolution: {integrity: sha512-i/n8VsZydrugj3Iuzll8+x/00GH2vnYsk1eomD8QiRrSAeW6ItbCQDtfXCeJHd0iwiNagqjQkvpvREEPtW3IoQ==}

  topojson-client@3.1.0:
    resolution: {integrity: sha512-605uxS6bcYxGXw9qi62XyrV6Q3xwbndjachmNxu8HWTtVPxZfEJN9fd/SZS1Q54Sn2y0TMyMxFj/cJINqGHrKw==}
    hasBin: true

  tslib@2.8.1:
    resolution: {integrity: sha512-oJFu94HQb+KVduSUQL7wnpmqnfmLsOA/nAh6b6EH0wCEoK0/mPeXU6c3wKDV83MkOuHPRHtSXKKU99IBazS/2w==}

  vega-canvas@2.0.0:
    resolution: {integrity: sha512-9x+4TTw/USYST5nx4yN272sy9WcqSRjAR0tkQYZJ4cQIeon7uVsnohvoPQK1JZu7K1QXGUqzj08z0u/UegBVMA==}

  vega-crossfilter@5.1.3:
    resolution: {integrity: sha512-goGulwrrbmv9mY4Za8HQiiFk7WV1OTyrSVZzrMR0Keeiyzh9cnkxRGF1W2fAhMNA3HSaRaBoxWHGr7H9fvovuQ==}

  vega-dataflow@6.1.3:
    resolution: {integrity: sha512-ac51FLdYT8XAcDaHt3bQtVAR3UFdKfPMQBhjvBMXp69mdeq2ERfM1u9CUyDQAVZJylkIbWEwDnsp72tIwenPUA==}

  vega-embed@7.2.0:
    resolution: {integrity: sha512-A7nfZk145qtLWjj0tQhntQgJ4ip52ECzGo2B9B4HcBT1rdWeb32xEdxTzLSlDkNAqcBLw5Y14PR2KewrqERwLA==}
    peerDependencies:
      vega: '*'
      vega-lite: '*'

  vega-encode@5.2.2:
    resolution: {integrity: sha512-YmriG349VjJsIxXE1gkxHj6fPF87T2t/fYmAUUlGzTGarSy3KF93t8Fqc6EPupsgnCDEhe3+0NsSWTVxiOJ1Ow==}

  vega-event-selector@4.0.0:
    resolution: {integrity: sha512-CcWF4m4KL/al1Oa5qSzZ5R776q8lRxCj3IafCHs5xipoEHrkgu1BWa7F/IH5HrDNXeIDnqOpSV1pFsAWRak4gQ==}

  vega-expression@6.1.0:
    resolution: {integrity: sha512-hHgNx/fQ1Vn1u6vHSamH7lRMsOa/yQeHGGcWVmh8fZafLdwdhCM91kZD9p7+AleNpgwiwzfGogtpATFaMmDFYg==}

  vega-expression@6.2.2:
    resolution: {integrity: sha512-9yTpQBYDnl4yC27iGbUxDUnRAeO+la/lfzA5WSALB0INvA2A2NVxIorBakfqIkO7nwKM9bT3rmNRfj8Z3hjb7g==}

  vega-force@5.1.3:
    resolution: {integrity: sha512-njBlnPeeMY0uz1Fbdqa5jnOsSUrUo2s3z/Eb4qo486hhrwNtNpmeCsN+4PBasoblf/4pOpbvKULzolZmG+R7QA==}

  vega-format@2.1.3:
    resolution: {integrity: sha512-VK0yh3BtK5MUoG7aAXuwb678r2wDdykAUFIKHd9MWvXNo857UqNzZfYixfyXi8xXBK2AV38R4IiQmNKUrXBMUA==}

  vega-functions@6.2.0:
    resolution: {integrity: sha512-MRFL7RjVmsv6iYuRZVvrDPZbySLa5Dzd5hC+0LTubysy8OrPengKZEHeRnibvHH6odg3IsKUV44Wv8dN3XzYAw==}

  vega-geo@5.1.3:
    resolution: {integrity: sha512-UfTVPV+O+7elFyUsw8FLjiDOJkF0VZanC5tHLaSSue5h+xLzG6SDKQ7xEBIQSaTBE8nLSBtHm45Qve0SFjILVQ==}

  vega-hierarchy@5.1.3:
    resolution: {integrity: sha512-bDWDNGuUA4WcOD5CMh9Mahs3CwKxSU3W1XAnDGCpAwfJVoWp7vlVMt1paoTczPFTXtXGxIa3vJu94xWGmI3/og==}

  vega-interpreter@2.3.2:
    resolution: {integrity: sha512-JDAoi3taFcCDLujZG84TNNUXdkAZ5WsSHssx8lWVYaxb9Slsjk7v7PtRIYXpSlUwLaKGRBqoJ9KDs36Z0eMEIw==}

  vega-label@2.1.3:
    resolution: {integrity: sha512-UcaGgrVr2Gb0sUj4j3L5tZuL6GOn7tyauYsfXsS0hURoIbHCfQI4SnRq89vl5ub5DL1SEWaJTKag4GdAm1hcGw==}

  vega-lite@6.4.3:
    resolution: {integrity: sha512-d/7hPjfz560UERaQuTmGgIVfXAe3g2hJWeC+igDeaGohUdEoNrHLXgR/yTOBT8vV/lIuuKnw+0/xWWblkDwkMQ==}
    engines: {node: '>=20'}
    hasBin: true
    peerDependencies:
      vega: ^6.0.0

  vega-loader@5.1.3:
    resolution: {integrity: sha512-gJGoI262B5EEUGRFRY2mH+SJbVc+b4MTQfASNYpyIBqGxHqmjvNQqTyB+7bjReRYJjExjXL/MnKJmJHL6dAOwA==}

  vega-parser@7.1.3:
    resolution: {integrity: sha512-bT0pmzPF79ECFilKotgo92OUi25MGGgrEj9M0piiIpJZXQwcF2xsCf+5YRND1R0zd4zodNpqpJtIw0sl6TaqMg==}

  vega-projection@2.1.3:
    resolution: {integrity: sha512-IYGBnT+8a3ZH2bOM48c2qSZAnuPyyYTua/kMeXjwxFKI1/BjzlchQ9QCKxGeBqJGdG2pp9YMW2oS/F1dw/IQXw==}

  vega-regression@2.1.3:
    resolution: {integrity: sha512-qssCjc6KEV8pUQEEliZSTRv4cuhl5D2MgyfbKnIYbJM7B/lW/vubCPBr8oGzxVEGJd3D5kxEtXJORPipawdVEA==}

  vega-runtime@7.1.3:
    resolution: {integrity: sha512-27id9NGfnGh0u/NpQMagAmS5wDa7ELKDv1SYysiJp05HOYPuLD9XT3NSblPjZhDhyk1eApzWJAoegUoosJJtkA==}

  vega-scale@8.1.3:
    resolution: {integrity: sha512-6Tx/1XMz2EtjOZm2zEONqJfYGfUWwSauhEyMCH5XWpnqoGjHQfDzDCFtBUFDs/6N+nNi3ldxCshraMiC4XCXLg==}

  vega-scenegraph@5.3.0:
    resolution: {integrity: sha512-sJbrDxGhyw8KFgC8NIEPBsZBZaOHAO4YtFcjw71bqIwVy6kIHlzc5I+buvJkEcBKkSTbsIdKRT1jUOHPDbBEKw==}

  vega-schema-url-parser@3.0.2:
    resolution: {integrity: sha512-xAnR7KAvNPYewI3O0l5QGdT8Tv0+GCZQjqfP39cW/hbe/b3aYMAQ39vm8O2wfXUHzm04xTe7nolcsx8WQNVLRQ==}

  vega-selections@6.1.5:
    resolution: {integrity: sha512-evYoCV1wuE0kuiDrKH2dVVweMUuz0pNN7rYTYKBSNDqa7TBjDU4+tbWFm/CgowoaAqjC6Omd+jEZz9lwpgeE3w==}

  vega-statistics@2.0.0:
    resolution: {integrity: sha512-dGPfDXnBlgXbZF3oxtkb8JfeRXd5TYHx25Z/tIoaa9jWua4Vf/AoW2wwh8J1qmMy8J03/29aowkp1yk4DOPazQ==}

  vega-themes@3.0.0:
    resolution: {integrity: sha512-1iFiI3BNmW9FrsLnDLx0ZKEddsCitRY3XmUAwp6qmp+p+IXyJYc9pfjlVj9E6KXBPfm4cQyU++s0smKNiWzO4g==}
    peerDependencies:
      vega: '*'
      vega-lite: '*'

  vega-time@3.3.0:
    resolution: {integrity: sha512-bm9uMPrGIPQ52jD3Ltr6gUspogDtO0G8pEzLKvLySX84reeShHTH6jOd9YXwISNfuS4LT+cmPr9Ct6TMgvPMOA==}

  vega-tooltip@1.1.0:
    resolution: {integrity: sha512-PP4CxC8gX//SBUtlcJkwffmvdZBvzAsqS0EANBKvImJ9PxV/KtJkcs7RCqp+A7nh2cjWdVzyOBWAvqKhXJStTQ==}

  vega-transforms@5.2.2:
    resolution: {integrity: sha512-0vlu/36sBbHKw4dN/7BKCUPOzXc2oYObRxGMcROFLk+BwfjE/cqtfuXbLHzOinXtfLOhblmT0Agx+BSYXN8k/Q==}

  vega-typings@2.3.0:
    resolution: {integrity: sha512-CLS2Rd9MUlw1GLzXfNIrs6ubD0gMq/7AtaBUfhlmpAXjxnb15fZ3pJ9cOMmqu5lxdxHYr8eqSNoiIGgpJsiFMQ==}

  vega-util@2.1.3:
    resolution: {integrity: sha512-Znj01Gj5XVUw/U7QvwjMhl+XCGs09UF5KDyMXZz9NtjhoKP04anWjcbA7hqoVH+eEigO92KlTi+Yai6Roo1n0A==}

  vega-view-transforms@5.2.2:
    resolution: {integrity: sha512-Zsfqy0AzCStVSEoS2lf416heWQp0lQpg9LxJhqLJVZLpTh9UzcTdxP5hMwN1StrB2gWCk7TEfBgJC9FBBzxiZA==}

  vega-view@6.2.0:
    resolution: {integrity: sha512-e07jIm9BbLAnmSPCusxCNYstflMXE8qpQUKqfCmCcoRoE6TFnfGbjLLDsxeVpQtOnCj7PglxQw3Fx9/J4IEVaQ==}

  vega-voronoi@5.1.3:
    resolution: {integrity: sha512-1EYf2KFE/otZmjyQSw2xisnT6QDXouyofHBI9o9C1zOfNM284+wmJ0qbvL46wX9jEauH+RKG5qnx0eDWQHVjYw==}

  vega-wordcloud@5.1.3:
    resolution: {integrity: sha512-DxghqU1U9VPSKWmvatyQiDNShz1XfKv/XnIGlRWYdfTMnZvD3Y46mdrxPBhqFMF6TQKjZKyeqz5GtukA/RaH5Q==}

  vega@6.4.0:
    resolution: {integrity: sha512-rHXCq2LpEWCLMjXBEj7hocY9G0/i5TGYRayGGSj06VTF4+l2IG2Z7oeZKCjWbUh/7hTE/mVhbaOPB72wCElh6g==}

  w3c-keyname@2.2.8:
    resolution: {integrity: sha512-dpojBhNsCNN7T82Tm7k26A6G9ML3NkhDsnw9n/eoxSRlVBB4CEtIQ/KTCLI2Fwf3ataSXRhYFkQi3SlnFwPvPQ==}

  wrap-ansi@9.0.2:
    resolution: {integrity: sha512-42AtmgqjV+X1VpdOfyTGOYRi0/zsoLqtXQckTmqTeybT+BDIbM/Guxo7x3pE2vtpr1ok6xRqM9OpBe+Jyoqyww==}
    engines: {node: '>=18'}

  y18n@5.0.8:
    resolution: {integrity: sha512-0pfFzegeDWJHJIAmTLRP2DwHjdF5s7jo9tuztdQxAhINCdvS+3nGINqPd00AphqJR/0LhANUS6/+7SCb98YOfA==}
    engines: {node: '>=10'}

  yargs-parser@22.0.0:
    resolution: {integrity: sha512-rwu/ClNdSMpkSrUb+d6BRsSkLUq1fmfsY6TOpYzTwvwkg1/NRG85KBy3kq++A8LKQwX6lsu+aWad+2khvuXrqw==}
    engines: {node: ^20.19.0 || ^22.12.0 || >=23}

  yargs@18.0.0:
    resolution: {integrity: sha512-4UEqdc2RYGHZc7Doyqkrqiln3p9X2DZVxaGbwhn2pi7MrRagKaOcIKe8L3OxYcbhXLgLFUS3zAYuQjKBQgmuNg==}
    engines: {node: ^20.19.0 || ^22.12.0 || >=23}

snapshots:

  '@codemirror/autocomplete@6.20.3':
    dependencies:
      '@codemirror/language': 6.12.4
      '@codemirror/state': 6.7.2
      '@codemirror/view': 6.43.11
      '@lezer/common': 1.5.2

  '@codemirror/commands@6.11.0':
    dependencies:
      '@codemirror/language': 6.12.4
      '@codemirror/state': 6.7.2
      '@codemirror/view': 6.43.11
      '@lezer/common': 1.5.2

  '@codemirror/lang-css@6.3.1':
    dependencies:
      '@codemirror/autocomplete': 6.20.3
      '@codemirror/language': 6.12.4
      '@codemirror/state': 6.7.2
      '@lezer/common': 1.5.2
      '@lezer/css': 1.3.6

  '@codemirror/lang-html@6.4.12':
    dependencies:
      '@codemirror/autocomplete': 6.20.3
      '@codemirror/lang-css': 6.3.1
      '@codemirror/lang-javascript': 6.2.5
      '@codemirror/language': 6.12.4
      '@codemirror/state': 6.7.2
      '@codemirror/view': 6.43.11
      '@lezer/common': 1.5.2
      '@lezer/css': 1.3.6
      '@lezer/html': 1.3.13

  '@codemirror/lang-javascript@6.2.5':
    dependencies:
      '@codemirror/autocomplete': 6.20.3
      '@codemirror/language': 6.12.4
      '@codemirror/lint': 6.9.7
      '@codemirror/state': 6.7.2
      '@codemirror/view': 6.43.11
      '@lezer/common': 1.5.2
      '@lezer/javascript': 1.5.4

  '@codemirror/lang-markdown@6.5.2':
    dependencies:
      '@codemirror/autocomplete': 6.20.3
      '@codemirror/lang-html': 6.4.12
      '@codemirror/language': 6.12.4
      '@codemirror/state': 6.7.2
      '@codemirror/view': 6.43.11
      '@lezer/common': 1.5.2
      '@lezer/markdown': 1.7.2

  '@codemirror/lang-python@6.2.1':
    dependencies:
      '@codemirror/autocomplete': 6.20.3
      '@codemirror/language': 6.12.4
      '@codemirror/state': 6.7.2
      '@lezer/common': 1.5.2
      '@lezer/python': 1.1.19

  '@codemirror/lang-sql@6.10.0':
    dependencies:
      '@codemirror/autocomplete': 6.20.3
      '@codemirror/language': 6.12.4
      '@codemirror/state': 6.7.2
      '@lezer/common': 1.5.2
      '@lezer/highlight': 1.2.3
      '@lezer/lr': 1.4.10

  '@codemirror/language@6.12.4':
    dependencies:
      '@codemirror/state': 6.7.2
      '@codemirror/view': 6.43.11
      '@lezer/common': 1.5.2
      '@lezer/highlight': 1.2.3
      '@lezer/lr': 1.4.10
      style-mod: 4.1.3

  '@codemirror/lint@6.9.7':
    dependencies:
      '@codemirror/state': 6.7.2
      '@codemirror/view': 6.43.11
      crelt: 1.0.7

  '@codemirror/state@6.7.2':
    dependencies:
      '@marijn/find-cluster-break': 1.0.4

  '@codemirror/theme-one-dark@6.1.3':
    dependencies:
      '@codemirror/language': 6.12.4
      '@codemirror/state': 6.7.2
      '@codemirror/view': 6.43.11
      '@lezer/highlight': 1.2.3

  '@codemirror/view@6.43.11':
    dependencies:
      '@codemirror/state': 6.7.2
      crelt: 1.0.7
      style-mod: 4.1.3
      w3c-keyname: 2.2.8

  '@esbuild/aix-ppc64@0.27.7':
    optional: true

  '@esbuild/android-arm64@0.27.7':
    optional: true

  '@esbuild/android-arm@0.27.7':
    optional: true

  '@esbuild/android-x64@0.27.7':
    optional: true

  '@esbuild/darwin-arm64@0.27.7':
    optional: true

  '@esbuild/darwin-x64@0.27.7':
    optional: true

  '@esbuild/freebsd-arm64@0.27.7':
    optional: true

  '@esbuild/freebsd-x64@0.27.7':
    optional: true

  '@esbuild/linux-arm64@0.27.7':
    optional: true

  '@esbuild/linux-arm@0.27.7':
    optional: true

  '@esbuild/linux-ia32@0.27.7':
    optional: true

  '@esbuild/linux-loong64@0.27.7':
    optional: true

  '@esbuild/linux-mips64el@0.27.7':
    optional: true

  '@esbuild/linux-ppc64@0.27.7':
    optional: true

  '@esbuild/linux-riscv64@0.27.7':
    optional: true

  '@esbuild/linux-s390x@0.27.7':
    optional: true

  '@esbuild/linux-x64@0.27.7':
    optional: true

  '@esbuild/netbsd-arm64@0.27.7':
    optional: true

  '@esbuild/netbsd-x64@0.27.7':
    optional: true

  '@esbuild/openbsd-arm64@0.27.7':
    optional: true

  '@esbuild/openbsd-x64@0.27.7':
    optional: true

  '@esbuild/openharmony-arm64@0.27.7':
    optional: true

  '@esbuild/sunos-x64@0.27.7':
    optional: true

  '@esbuild/win32-arm64@0.27.7':
    optional: true

  '@esbuild/win32-ia32@0.27.7':
    optional: true

  '@esbuild/win32-x64@0.27.7':
    optional: true

  '@lezer/common@1.5.2': {}

  '@lezer/css@1.3.6':
    dependencies:
      '@lezer/common': 1.5.2
      '@lezer/highlight': 1.2.3
      '@lezer/lr': 1.4.10

  '@lezer/highlight@1.2.3':
    dependencies:
      '@lezer/common': 1.5.2

  '@lezer/html@1.3.13':
    dependencies:
      '@lezer/common': 1.5.2
      '@lezer/highlight': 1.2.3
      '@lezer/lr': 1.4.10

  '@lezer/javascript@1.5.4':
    dependencies:
      '@lezer/common': 1.5.2
      '@lezer/highlight': 1.2.3
      '@lezer/lr': 1.4.10

  '@lezer/lr@1.4.10':
    dependencies:
      '@lezer/common': 1.5.2

  '@lezer/markdown@1.7.2':
    dependencies:
      '@lezer/common': 1.5.2
      '@lezer/highlight': 1.2.3

  '@lezer/python@1.1.19':
    dependencies:
      '@lezer/common': 1.5.2
      '@lezer/highlight': 1.2.3
      '@lezer/lr': 1.4.10

  '@marijn/find-cluster-break@1.0.4': {}

  '@types/estree@1.0.9': {}

  '@types/geojson@7946.0.16': {}

  ansi-regex@6.3.0: {}

  ansi-styles@6.2.3: {}

  cliui@9.0.1:
    dependencies:
      string-width: 7.2.0
      strip-ansi: 7.2.0
      wrap-ansi: 9.0.2

  commander@2.20.3: {}

  commander@7.2.0: {}

  crelt@1.0.7: {}

  d3-array@3.2.4:
    dependencies:
      internmap: 2.0.3

  d3-color@3.1.0: {}

  d3-delaunay@6.0.4:
    dependencies:
      delaunator: 5.1.0

  d3-dispatch@3.0.1: {}

  d3-dsv@3.0.1:
    dependencies:
      commander: 7.2.0
      iconv-lite: 0.6.3
      rw: 1.3.3

  d3-ease@3.0.1: {}

  d3-force@3.0.0:
    dependencies:
      d3-dispatch: 3.0.1
      d3-quadtree: 3.0.1
      d3-timer: 3.0.1

  d3-format@3.1.2: {}

  d3-geo-projection@4.0.0:
    dependencies:
      commander: 7.2.0
      d3-array: 3.2.4
      d3-geo: 3.1.1

  d3-geo@3.1.1:
    dependencies:
      d3-array: 3.2.4

  d3-hierarchy@3.1.2: {}

  d3-interpolate@3.0.1:
    dependencies:
      d3-color: 3.1.0

  d3-path@3.1.0: {}

  d3-quadtree@3.0.1: {}

  d3-scale-chromatic@3.1.0:
    dependencies:
      d3-color: 3.1.0
      d3-interpolate: 3.0.1

  d3-scale@4.0.2:
    dependencies:
      d3-array: 3.2.4
      d3-format: 3.1.2
      d3-interpolate: 3.0.1
      d3-time: 3.1.0
      d3-time-format: 4.1.0

  d3-shape@3.2.0:
    dependencies:
      d3-path: 3.1.0

  d3-time-format@4.1.0:
    dependencies:
      d3-time: 3.1.0

  d3-time@3.1.0:
    dependencies:
      d3-array: 3.2.4

  d3-timer@3.0.1: {}

  delaunator@5.1.0:
    dependencies:
      robust-predicates: 3.0.3

  emoji-regex@10.6.0: {}

  esbuild@0.27.7:
    optionalDependencies:
      '@esbuild/aix-ppc64': 0.27.7
      '@esbuild/android-arm': 0.27.7
      '@esbuild/android-arm64': 0.27.7
      '@esbuild/android-x64': 0.27.7
      '@esbuild/darwin-arm64': 0.27.7
      '@esbuild/darwin-x64': 0.27.7
      '@esbuild/freebsd-arm64': 0.27.7
      '@esbuild/freebsd-x64': 0.27.7
      '@esbuild/linux-arm': 0.27.7
      '@esbuild/linux-arm64': 0.27.7
      '@esbuild/linux-ia32': 0.27.7
      '@esbuild/linux-loong64': 0.27.7
      '@esbuild/linux-mips64el': 0.27.7
      '@esbuild/linux-ppc64': 0.27.7
      '@esbuild/linux-riscv64': 0.27.7
      '@esbuild/linux-s390x': 0.27.7
      '@esbuild/linux-x64': 0.27.7
      '@esbuild/netbsd-arm64': 0.27.7
      '@esbuild/netbsd-x64': 0.27.7
      '@esbuild/openbsd-arm64': 0.27.7
      '@esbuild/openbsd-x64': 0.27.7
      '@esbuild/openharmony-arm64': 0.27.7
      '@esbuild/sunos-x64': 0.27.7
      '@esbuild/win32-arm64': 0.27.7
      '@esbuild/win32-ia32': 0.27.7
      '@esbuild/win32-x64': 0.27.7

  escalade@3.2.0: {}

  fast-json-patch@3.1.1: {}

  get-caller-file@2.0.5: {}

  get-east-asian-width@1.6.0: {}

  iconv-lite@0.6.3:
    dependencies:
      safer-buffer: 2.1.2

  internmap@2.0.3: {}

  json-stringify-pretty-compact@4.0.0: {}

  plotly.js-dist-min@4.0.0: {}

  robust-predicates@3.0.3: {}

  rw@1.3.3: {}

  safer-buffer@2.1.2: {}

  semver@7.8.5: {}

  string-width@7.2.0:
    dependencies:
      emoji-regex: 10.6.0
      get-east-asian-width: 1.6.0
      strip-ansi: 7.2.0

  strip-ansi@7.2.0:
    dependencies:
      ansi-regex: 6.3.0

  style-mod@4.1.3: {}

  topojson-client@3.1.0:
    dependencies:
      commander: 2.20.3

  tslib@2.8.1: {}

  vega-canvas@2.0.0: {}

  vega-crossfilter@5.1.3:
    dependencies:
      d3-array: 3.2.4
      vega-dataflow: 6.1.3
      vega-util: 2.1.3

  vega-dataflow@6.1.3:
    dependencies:
      vega-format: 2.1.3
      vega-loader: 5.1.3
      vega-util: 2.1.3

  vega-embed@7.2.0(vega-lite@6.4.3(vega@6.4.0))(vega@6.4.0):
    dependencies:
      fast-json-patch: 3.1.1
      json-stringify-pretty-compact: 4.0.0
      semver: 7.8.5
      tslib: 2.8.1
      vega: 6.4.0
      vega-interpreter: 2.3.2
      vega-lite: 6.4.3(vega@6.4.0)
      vega-schema-url-parser: 3.0.2
      vega-themes: 3.0.0(vega-lite@6.4.3(vega@6.4.0))(vega@6.4.0)
      vega-tooltip: 1.1.0

  vega-encode@5.2.2:
    dependencies:
      d3-array: 3.2.4
      d3-interpolate: 3.0.1
      vega-dataflow: 6.1.3
      vega-scale: 8.1.3
      vega-util: 2.1.3

  vega-event-selector@4.0.0: {}

  vega-expression@6.1.0:
    dependencies:
      '@types/estree': 1.0.9
      vega-util: 2.1.3

  vega-expression@6.2.2:
    dependencies:
      '@types/estree': 1.0.9
      vega-util: 2.1.3

  vega-force@5.1.3:
    dependencies:
      d3-force: 3.0.0
      vega-dataflow: 6.1.3
      vega-util: 2.1.3

  vega-format@2.1.3:
    dependencies:
      d3-array: 3.2.4
      d3-format: 3.1.2
      d3-time-format: 4.1.0
      vega-time: 3.3.0
      vega-util: 2.1.3

  vega-functions@6.2.0:
    dependencies:
      d3-array: 3.2.4
      d3-color: 3.1.0
      d3-ease: 3.0.1
      d3-geo: 3.1.1
      vega-dataflow: 6.1.3
      vega-expression: 6.2.2
      vega-scale: 8.1.3
      vega-scenegraph: 5.3.0
      vega-selections: 6.1.5
      vega-statistics: 2.0.0
      vega-time: 3.3.0
      vega-util: 2.1.3

  vega-geo@5.1.3:
    dependencies:
      d3-array: 3.2.4
      d3-color: 3.1.0
      d3-geo: 3.1.1
      vega-canvas: 2.0.0
      vega-dataflow: 6.1.3
      vega-projection: 2.1.3
      vega-statistics: 2.0.0
      vega-util: 2.1.3

  vega-hierarchy@5.1.3:
    dependencies:
      d3-hierarchy: 3.1.2
      vega-dataflow: 6.1.3
      vega-util: 2.1.3

  vega-interpreter@2.3.2:
    dependencies:
      vega-util: 2.1.3

  vega-label@2.1.3:
    dependencies:
      vega-canvas: 2.0.0
      vega-dataflow: 6.1.3
      vega-scenegraph: 5.3.0
      vega-util: 2.1.3

  vega-lite@6.4.3(vega@6.4.0):
    dependencies:
      json-stringify-pretty-compact: 4.0.0
      tslib: 2.8.1
      vega: 6.4.0
      vega-event-selector: 4.0.0
      vega-expression: 6.1.0
      vega-util: 2.1.3
      yargs: 18.0.0

  vega-loader@5.1.3:
    dependencies:
      d3-dsv: 3.0.1
      topojson-client: 3.1.0
      vega-format: 2.1.3
      vega-util: 2.1.3

  vega-parser@7.1.3:
    dependencies:
      vega-dataflow: 6.1.3
      vega-event-selector: 4.0.0
      vega-functions: 6.2.0
      vega-scale: 8.1.3
      vega-util: 2.1.3

  vega-projection@2.1.3:
    dependencies:
      d3-geo: 3.1.1
      d3-geo-projection: 4.0.0
      vega-scale: 8.1.3

  vega-regression@2.1.3:
    dependencies:
      d3-array: 3.2.4
      vega-dataflow: 6.1.3
      vega-statistics: 2.0.0
      vega-util: 2.1.3

  vega-runtime@7.1.3:
    dependencies:
      vega-dataflow: 6.1.3
      vega-util: 2.1.3

  vega-scale@8.1.3:
    dependencies:
      d3-array: 3.2.4
      d3-interpolate: 3.0.1
      d3-scale: 4.0.2
      d3-scale-chromatic: 3.1.0
      vega-time: 3.3.0
      vega-util: 2.1.3

  vega-scenegraph@5.3.0:
    dependencies:
      d3-path: 3.1.0
      d3-shape: 3.2.0
      vega-canvas: 2.0.0
      vega-loader: 5.1.3
      vega-scale: 8.1.3
      vega-util: 2.1.3

  vega-schema-url-parser@3.0.2: {}

  vega-selections@6.1.5:
    dependencies:
      d3-array: 3.2.4
      vega-expression: 6.2.2
      vega-util: 2.1.3

  vega-statistics@2.0.0:
    dependencies:
      d3-array: 3.2.4

  vega-themes@3.0.0(vega-lite@6.4.3(vega@6.4.0))(vega@6.4.0):
    dependencies:
      vega: 6.4.0
      vega-lite: 6.4.3(vega@6.4.0)

  vega-time@3.3.0:
    dependencies:
      d3-array: 3.2.4
      d3-time: 3.1.0
      vega-util: 2.1.3

  vega-tooltip@1.1.0:
    dependencies:
      vega-util: 2.1.3

  vega-transforms@5.2.2:
    dependencies:
      d3-array: 3.2.4
      vega-dataflow: 6.1.3
      vega-statistics: 2.0.0
      vega-time: 3.3.0
      vega-util: 2.1.3

  vega-typings@2.3.0:
    dependencies:
      '@types/geojson': 7946.0.16
      vega-event-selector: 4.0.0
      vega-expression: 6.2.2
      vega-util: 2.1.3

  vega-util@2.1.3: {}

  vega-view-transforms@5.2.2:
    dependencies:
      vega-dataflow: 6.1.3
      vega-scenegraph: 5.3.0
      vega-util: 2.1.3

  vega-view@6.2.0:
    dependencies:
      d3-array: 3.2.4
      d3-timer: 3.0.1
      vega-dataflow: 6.1.3
      vega-format: 2.1.3
      vega-functions: 6.2.0
      vega-runtime: 7.1.3
      vega-scenegraph: 5.3.0
      vega-util: 2.1.3

  vega-voronoi@5.1.3:
    dependencies:
      d3-delaunay: 6.0.4
      vega-dataflow: 6.1.3
      vega-util: 2.1.3

  vega-wordcloud@5.1.3:
    dependencies:
      vega-canvas: 2.0.0
      vega-dataflow: 6.1.3
      vega-scale: 8.1.3
      vega-statistics: 2.0.0
      vega-util: 2.1.3

  vega@6.4.0:
    dependencies:
      vega-crossfilter: 5.1.3
      vega-dataflow: 6.1.3
      vega-encode: 5.2.2
      vega-event-selector: 4.0.0
      vega-expression: 6.2.2
      vega-force: 5.1.3
      vega-format: 2.1.3
      vega-functions: 6.2.0
      vega-geo: 5.1.3
      vega-hierarchy: 5.1.3
      vega-label: 2.1.3
      vega-loader: 5.1.3
      vega-parser: 7.1.3
      vega-projection: 2.1.3
      vega-regression: 2.1.3
      vega-runtime: 7.1.3
      vega-scale: 8.1.3
      vega-scenegraph: 5.3.0
      vega-statistics: 2.0.0
      vega-time: 3.3.0
      vega-transforms: 5.2.2
      vega-typings: 2.3.0
      vega-util: 2.1.3
      vega-view: 6.2.0
      vega-view-transforms: 5.2.2
      vega-voronoi: 5.1.3
      vega-wordcloud: 5.1.3

  w3c-keyname@2.2.8: {}

  wrap-ansi@9.0.2:
    dependencies:
      ansi-styles: 6.2.3
      string-width: 7.2.0
      strip-ansi: 7.2.0

  y18n@5.0.8: {}

  yargs-parser@22.0.0: {}

  yargs@18.0.0:
    dependencies:
      cliui: 9.0.1
      escalade: 3.2.0
      get-caller-file: 2.0.5
      string-width: 7.2.0
      y18n: 5.0.8
      yargs-parser: 22.0.0
